// !$*UTF8*$!
{
	archiveVersion = 1;
	classes = {
	};
	objectVersion = 46;
	objects = {

/* Begin PBXBuildFile section */
		2D004B2F1BC6683B00B3E015 /* MenuViewController.swift in Sources */ = {isa = PBXBuildFile; fileRef = 2D004B2E1BC6683A00B3E015 /* MenuViewController.swift */; };
		2D1F8E8B1AD7D9B40049A439 /* AppDelegate.swift in Sources */ = {isa = PBXBuildFile; fileRef = 2D1F8E8A1AD7D9B40049A439 /* AppDelegate.swift */; };
		2D1F8E8D1AD7D9B40049A439 /* ViewController.swift in Sources */ = {isa = PBXBuildFile; fileRef = 2D1F8E8C1AD7D9B40049A439 /* ViewController.swift */; };
		2D1F8E901AD7D9B40049A439 /* Main.storyboard in Resources */ = {isa = PBXBuildFile; fileRef = 2D1F8E8E1AD7D9B40049A439 /* Main.storyboard */; };
		2D1F8E921AD7D9B40049A439 /* Images.xcassets in Resources */ = {isa = PBXBuildFile; fileRef = 2D1F8E911AD7D9B40049A439 /* Images.xcassets */; };
		2D725B2B1AD7DDDE00555AD3 /* content_1@3x.png in Resources */ = {isa = PBXBuildFile; fileRef = 2D725B231AD7DDDE00555AD3 /* content_1@3x.png */; };
		2D725B2C1AD7DDDE00555AD3 /* content_2@3x.png in Resources */ = {isa = PBXBuildFile; fileRef = 2D725B241AD7DDDE00555AD3 /* content_2@3x.png */; };
		2D725B2D1AD7DDDE00555AD3 /* ic_activity@3x.png in Resources */ = {isa = PBXBuildFile; fileRef = 2D725B251AD7DDDE00555AD3 /* ic_activity@3x.png */; };
		2D725B2E1AD7DDDE00555AD3 /* ic_feed@3x.png in Resources */ = {isa = PBXBuildFile; fileRef = 2D725B261AD7DDDE00555AD3 /* ic_feed@3x.png */; };
		2D725B301AD7DDDE00555AD3 /* ic_menuRotated@3x.png in Resources */ = {isa = PBXBuildFile; fileRef = 2D725B281AD7DDDE00555AD3 /* ic_menuRotated@3x.png */; };
		2D725B311AD7DDDE00555AD3 /* ic_profile@3x.png in Resources */ = {isa = PBXBuildFile; fileRef = 2D725B291AD7DDDE00555AD3 /* ic_profile@3x.png */; };
		2D725B321AD7DDDE00555AD3 /* ic_settings@3x.png in Resources */ = {isa = PBXBuildFile; fileRef = 2D725B2A1AD7DDDE00555AD3 /* ic_settings@3x.png */; };
		2D725B541AD7DEAC00555AD3 /* GuillotineMenuTransitionAnimation.swift in Sources */ = {isa = PBXBuildFile; fileRef = 2D725B501AD7DEAC00555AD3 /* GuillotineMenuTransitionAnimation.swift */; };
		2DD3E2621BC803B900226F86 /* ic_menu@3x.png in Resources */ = {isa = PBXBuildFile; fileRef = 2DD3E2611BC803B900226F86 /* ic_menu@3x.png */; };
/* End PBXBuildFile section */

/* Begin PBXFileReference section */
		2D004B2E1BC6683A00B3E015 /* MenuViewController.swift */ = {isa = PBXFileReference; fileEncoding = 4; lastKnownFileType = sourcecode.swift; path = MenuViewController.swift; sourceTree = "<group>"; };
		2D1F8E851AD7D9B40049A439 /* GuillotineMenuExample.app */ = {isa = PBXFileReference; explicitFileType = wrapper.application; includeInIndex = 0; path = GuillotineMenuExample.app; sourceTree = BUILT_PRODUCTS_DIR; };
		2D1F8E891AD7D9B40049A439 /* Info.plist */ = {isa = PBXFileReference; lastKnownFileType = text.plist.xml; path = Info.plist; sourceTree = "<group>"; };
		2D1F8E8A1AD7D9B40049A439 /* AppDelegate.swift */ = {isa = PBXFileReference; lastKnownFileType = sourcecode.swift; path = AppDelegate.swift; sourceTree = "<group>"; };
		2D1F8E8C1AD7D9B40049A439 /* ViewController.swift */ = {isa = PBXFileReference; lastKnownFileType = sourcecode.swift; path = ViewController.swift; sourceTree = "<group>"; };
		2D1F8E8F1AD7D9B40049A439 /* Base */ = {isa = PBXFileReference; lastKnownFileType = file.storyboard; name = Base; path = Base.lproj/Main.storyboard; sourceTree = "<group>"; };
		2D1F8E911AD7D9B40049A439 /* Images.xcassets */ = {isa = PBXFileReference; lastKnownFileType = folder.assetcatalog; path = Images.xcassets; sourceTree = "<group>"; };
		2D725B231AD7DDDE00555AD3 /* content_1@3x.png */ = {isa = PBXFileReference; lastKnownFileType = image.png; path = "content_1@3x.png"; sourceTree = "<group>"; };
		2D725B241AD7DDDE00555AD3 /* content_2@3x.png */ = {isa = PBXFileReference; lastKnownFileType = image.png; path = "content_2@3x.png"; sourceTree = "<group>"; };
		2D725B251AD7DDDE00555AD3 /* ic_activity@3x.png */ = {isa = PBXFileReference; lastKnownFileType = image.png; path = "ic_activity@3x.png"; sourceTree = "<group>"; };
		2D725B261AD7DDDE00555AD3 /* ic_feed@3x.png */ = {isa = PBXFileReference; lastKnownFileType = image.png; path = "ic_feed@3x.png"; sourceTree = "<group>"; };
		2D725B281AD7DDDE00555AD3 /* ic_menuRotated@3x.png */ = {isa = PBXFileReference; lastKnownFileType = image.png; path = "ic_menuRotated@3x.png"; sourceTree = "<group>"; };
		2D725B291AD7DDDE00555AD3 /* ic_profile@3x.png */ = {isa = PBXFileReference; lastKnownFileType = image.png; path = "ic_profile@3x.png"; sourceTree = "<group>"; };
		2D725B2A1AD7DDDE00555AD3 /* ic_settings@3x.png */ = {isa = PBXFileReference; lastKnownFileType = image.png; path = "ic_settings@3x.png"; sourceTree = "<group>"; };
		2D725B501AD7DEAC00555AD3 /* GuillotineMenuTransitionAnimation.swift */ = {isa = PBXFileReference; fileEncoding = 4; lastKnownFileType = sourcecode.swift; path = GuillotineMenuTransitionAnimation.swift; sourceTree = "<group>"; };
		2DD3E2611BC803B900226F86 /* ic_menu@3x.png */ = {isa = PBXFileReference; lastKnownFileType = image.png; path = "ic_menu@3x.png"; sourceTree = "<group>"; };
/* End PBXFileReference section */

/* Begin PBXFrameworksBuildPhase section */
		2D1F8E821AD7D9B40049A439 /* Frameworks */ = {
			isa = PBXFrameworksBuildPhase;
			buildActionMask = 2147483647;
			files = (
			);
			runOnlyForDeploymentPostprocessing = 0;
		};
/* End PBXFrameworksBuildPhase section */

/* Begin PBXGroup section */
		2D1F8E7C1AD7D9B40049A439 = {
			isa = PBXGroup;
			children = (
				2D1F8E871AD7D9B40049A439 /* GuillotineMenuExample */,
				2D1F8E861AD7D9B40049A439 /* Products */,
			);
			sourceTree = "<group>";
		};
		2D1F8E861AD7D9B40049A439 /* Products */ = {
			isa = PBXGroup;
			children = (
				2D1F8E851AD7D9B40049A439 /* GuillotineMenuExample.app */,
			);
			name = Products;
			sourceTree = "<group>";
		};
		2D1F8E871AD7D9B40049A439 /* GuillotineMenuExample */ = {
			isa = PBXGroup;
			children = (
				2D725B4E1AD7DEAC00555AD3 /* GuillotineMenu */,
				2D725B221AD7DDDE00555AD3 /* Assets */,
				2D1F8E8A1AD7D9B40049A439 /* AppDelegate.swift */,
				2D1F8E8C1AD7D9B40049A439 /* ViewController.swift */,
				2D004B2E1BC6683A00B3E015 /* MenuViewController.swift */,
				2D1F8E8E1AD7D9B40049A439 /* Main.storyboard */,
				2D1F8E911AD7D9B40049A439 /* Images.xcassets */,
				2D1F8E881AD7D9B40049A439 /* Supporting Files */,
			);
			path = GuillotineMenuExample;
			sourceTree = "<group>";
		};
		2D1F8E881AD7D9B40049A439 /* Supporting Files */ = {
			isa = PBXGroup;
			children = (
				2D1F8E891AD7D9B40049A439 /* Info.plist */,
			);
			name = "Supporting Files";
			sourceTree = "<group>";
		};
		2D725B221AD7DDDE00555AD3 /* Assets */ = {
			isa = PBXGroup;
			children = (
				2D725B231AD7DDDE00555AD3 /* content_1@3x.png */,
				2D725B241AD7DDDE00555AD3 /* content_2@3x.png */,
				2D725B251AD7DDDE00555AD3 /* ic_activity@3x.png */,
				2D725B261AD7DDDE00555AD3 /* ic_feed@3x.png */,
				2D725B281AD7DDDE00555AD3 /* ic_menuRotated@3x.png */,
				2D725B291AD7DDDE00555AD3 /* ic_profile@3x.png */,
				2D725B2A1AD7DDDE00555AD3 /* ic_settings@3x.png */,
			);
			path = Assets;
			sourceTree = "<group>";
		};
		2D725B4E1AD7DEAC00555AD3 /* GuillotineMenu */ = {
			isa = PBXGroup;
			children = (
				2DD3E2611BC803B900226F86 /* ic_menu@3x.png */,
				2D725B501AD7DEAC00555AD3 /* GuillotineMenuTransitionAnimation.swift */,
			);
			name = GuillotineMenu;
			path = ../../GuillotineMenu;
			sourceTree = "<group>";
		};
/* End PBXGroup section */

/* Begin PBXNativeTarget section */
		2D1F8E841AD7D9B40049A439 /* GuillotineMenuExample */ = {
			isa = PBXNativeTarget;
			buildConfigurationList = 2D1F8EA41AD7D9B40049A439 /* Build configuration list for PBXNativeTarget "GuillotineMenuExample" */;
			buildPhases = (
				2D1F8E811AD7D9B40049A439 /* Sources */,
				2D1F8E821AD7D9B40049A439 /* Frameworks */,
				2D1F8E831AD7D9B40049A439 /* Resources */,
			);
			buildRules = (
			);
			dependencies = (
			);
			name = GuillotineMenuExample;
			productName = GuillotineMenuExample;
			productReference = 2D1F8E851AD7D9B40049A439 /* GuillotineMenuExample.app */;
			productType = "com.apple.product-type.application";
		};
/* End PBXNativeTarget section */

/* Begin PBXProject section */
		2D1F8E7D1AD7D9B40049A439 /* Project object */ = {
			isa = PBXProject;
			attributes = {
				LastSwiftMigration = 0700;
				LastSwiftUpdateCheck = 0700;
				LastUpgradeCheck = 0700;
				ORGANIZATIONNAME = Yalantis;
				TargetAttributes = {
					2D1F8E841AD7D9B40049A439 = {
						CreatedOnToolsVersion = 6.3;
						LastSwiftMigration = 0800;
					};
				};
			};
			buildConfigurationList = 2D1F8E801AD7D9B40049A439 /* Build configuration list for PBXProject "GuillotineMenuExample" */;
			compatibilityVersion = "Xcode 3.2";
			developmentRegion = English;
			hasScannedForEncodings = 0;
			knownRegions = (
				en,
				Base,
			);
			mainGroup = 2D1F8E7C1AD7D9B40049A439;
			productRefGroup = 2D1F8E861AD7D9B40049A439 /* Products */;
			projectDirPath = "";
			projectRoot = "";
			targets = (
				2D1F8E841AD7D9B40049A439 /* GuillotineMenuExample */,
			);
		};
/* End PBXProject section */

/* Begin PBXResourcesBuildPhase section */
		2D1F8E831AD7D9B40049A439 /* Resources */ = {
			isa = PBXResourcesBuildPhase;
			buildActionMask = 2147483647;
			files = (
				2D1F8E901AD7D9B40049A439 /* Main.storyboard in Resources */,
				2D725B2B1AD7DDDE00555AD3 /* content_1@3x.png in Resources */,
				2D725B321AD7DDDE00555AD3 /* ic_settings@3x.png in Resources */,
				2D725B2D1AD7DDDE00555AD3 /* ic_activity@3x.png in Resources */,
				2DD3E2621BC803B900226F86 /* ic_menu@3x.png in Resources */,
				2D725B2E1AD7DDDE00555AD3 /* ic_feed@3x.png in Resources */,
				2D725B2C1AD7DDDE00555AD3 /* content_2@3x.png in Resources */,
				2D725B311AD7DDDE00555AD3 /* ic_profile@3x.png in Resources */,
				2D1F8E921AD7D9B40049A439 /* Images.xcassets in Resources */,
				2D725B301AD7DDDE00555AD3 /* ic_menuRotated@3x.png in Resources */,
			);
			runOnlyForDeploymentPostprocessing = 0;
		};
/* End PBXResourcesBuildPhase section */

/* Begin PBXSourcesBuildPhase section */
		2D1F8E811AD7D9B40049A439 /* Sources */ = {
			isa = PBXSourcesBuildPhase;
			buildActionMask = 2147483647;
			files = (
				2D1F8E8D1AD7D9B40049A439 /* ViewController.swift in Sources */,
				2D004B2F1BC6683B00B3E015 /* MenuViewController.swift in Sources */,
				2D725B541AD7DEAC00555AD3 /* GuillotineMenuTransitionAnimation.swift in Sources */,
				2D1F8E8B1AD7D9B40049A439 /* AppDelegate.swift in Sources */,
			);
			runOnlyForDeploymentPostprocessing = 0;
		};
/* End PBXSourcesBuildPhase section */

/* Begin PBXVariantGroup section */
		2D1F8E8E1AD7D9B40049A439 /* Main.storyboard */ = {
			isa = PBXVariantGroup;
			children = (
				2D1F8E8F1AD7D9B40049A439 /* Base */,
			);
			name = Main.storyboard;
			sourceTree = "<group>";
		};
/* End PBXVariantGroup section */

/* Begin XCBuildConfiguration section */
		2D1F8EA21AD7D9B40049A439 /* Debug */ = {
			isa = XCBuildConfiguration;
			buildSettings = {
				ALWAYS_SEARCH_USER_PATHS = NO;
				CLANG_CXX_LANGUAGE_STANDARD = "gnu++0x";
				CLANG_CXX_LIBRARY = "libc++";
				CLANG_ENABLE_MODULES = YES;
				CLANG_ENABLE_OBJC_ARC = YES;
				CLANG_WARN_BOOL_CONVERSION = YES;
				CLANG_WARN_CONSTANT_CONVERSION = YES;
				CLANG_WARN_DIRECT_OBJC_ISA_USAGE = YES_ERROR;
				CLANG_WARN_EMPTY_BODY = YES;
				CLANG_WARN_ENUM_CONVERSION = YES;
				CLANG_WARN_INT_CONVERSION = YES;
				CLANG_WARN_OBJC_ROOT_CLASS = YES_ERROR;
				CLANG_WARN_UNREACHABLE_CODE = YES;
				CLANG_WARN__DUPLICATE_METHOD_MATCH = YES;
				"CODE_SIGN_IDENTITY[sdk=iphoneos*]" = "iPhone Developer";
				COPY_PHASE_STRIP = NO;
				DEBUG_INFORMATION_FORMAT = "dwarf-with-dsym";
				ENABLE_STRICT_OBJC_MSGSEND = YES;
				ENABLE_TESTABILITY = YES;
				GCC_C_LANGUAGE_STANDARD = gnu99;
				GCC_DYNAMIC_NO_PIC = NO;
				GCC_NO_COMMON_BLOCKS = YES;
				GCC_OPTIMIZATION_LEVEL = 0;
				GCC_PREPROCESSOR_DEFINITIONS = (
					"DEBUG=1",
					"$(inherited)",
				);
				GCC_SYMBOLS_PRIVATE_EXTERN = NO;
				GCC_WARN_64_TO_32_BIT_CONVERSION = YES;
				GCC_WARN_ABOUT_RETURN_TYPE = YES_ERROR;
				GCC_WARN_UNDECLARED_SELECTOR = YES;
				GCC_WARN_UNINITIALIZED_AUTOS = YES_AGGRESSIVE;
				GCC_WARN_UNUSED_FUNCTION = YES;
				GCC_WARN_UNUSED_VARIABLE = YES;
				IPHONEOS_DEPLOYMENT_TARGET = 8.3;
				MTL_ENABLE_DEBUG_INFO = YES;
				ONLY_ACTIVE_ARCH = YES;
				SDKROOT = iphoneos;
				SWIFT_OPTIMIZATION_LEVEL = "-Onone";
			};
			name = Debug;
		};
		2D1F8EA31AD7D9B40049A439 /* Release */ = {
			isa = XCBuildConfiguration;
			buildSettings = {
				ALWAYS_SEARCH_USER_PATHS = NO;
				CLANG_CXX_LANGUAGE_STANDARD = "gnu++0x";
				CLANG_CXX_LIBRARY = "libc++";
				CLANG_ENABLE_MODULES = YES;
				CLANG_ENABLE_OBJC_ARC = YES;
				CLANG_WARN_BOOL_CONVERSION = YES;
				CLANG_WARN_CONSTANT_CONVERSION = YES;
				CLANG_WARN_DIRECT_OBJC_ISA_USAGE = YES_ERROR;
				CLANG_WARN_EMPTY_BODY = YES;
				CLANG_WARN_ENUM_CONVERSION = YES;
				CLANG_WARN_INT_CONVERSION = YES;
				CLANG_WARN_OBJC_ROOT_CLASS = YES_ERROR;
				CLANG_WARN_UNREACHABLE_CODE = YES;
				CLANG_WARN__DUPLICATE_METHOD_MATCH = YES;
				"CODE_SIGN_IDENTITY[sdk=iphoneos*]" = "iPhone Developer";
				COPY_PHASE_STRIP = NO;
				DEBUG_INFORMATION_FORMAT = "dwarf-with-dsym";
				ENABLE_NS_ASSERTIONS = NO;
				ENABLE_STRICT_OBJC_MSGSEND = YES;
				GCC_C_LANGUAGE_STANDARD = gnu99;
				GCC_NO_COMMON_BLOCKS = YES;
				GCC_WARN_64_TO_32_BIT_CONVERSION = YES;
				GCC_WARN_ABOUT_RETURN_TYPE = YES_ERROR;
				GCC_WARN_UNDECLARED_SELECTOR = YES;
				GCC_WARN_UNINITIALIZED_AUTOS = YES_AGGRESSIVE;
				GCC_WARN_UNUSED_FUNCTION = YES;
				GCC_WARN_UNUSED_VARIABLE = YES;
				IPHONEOS_DEPLOYMENT_TARGET = 8.3;
				MTL_ENABLE_DEBUG_INFO = NO;
				SDKROOT = iphoneos;
				VALIDATE_PRODUCT = YES;
			};
			name = Release;
		};
		2D1F8EA51AD7D9B40049A439 /* Debug */ = {
			isa = XCBuildConfiguration;
			buildSettings = {
				ASSETCATALOG_COMPILER_APPICON_NAME = AppIcon;
				INFOPLIST_FILE = GuillotineMenuExample/Info.plist;
				IPHONEOS_DEPLOYMENT_TARGET = 8.0;
				LD_RUNPATH_SEARCH_PATHS = "$(inherited) @executable_path/Frameworks";
				PRODUCT_BUNDLE_IDENTIFIER = "com.yalantis.$(PRODUCT_NAME:rfc1034identifier)";
				PRODUCT_NAME = "$(TARGET_NAME)";
				SWIFT_VERSION = 3.0;
			};
			name = Debug;
		};
		2D1F8EA61AD7D9B40049A439 /* Release */ = {
			isa = XCBuildConfiguration;
			buildSettings = {
				ASSETCATALOG_COMPILER_APPICON_NAME = AppIcon;
				INFOPLIST_FILE = GuillotineMenuExample/Info.plist;
				IPHONEOS_DEPLOYMENT_TARGET = 8.0;
				LD_RUNPATH_SEARCH_PATHS = "$(inherited) @executable_path/Frameworks";
				PRODUCT_BUNDLE_IDENTIFIER = "com.yalantis.$(PRODUCT_NAME:rfc1034identifier)";
				PRODUCT_NAME = "$(TARGET_NAME)";
				SWIFT_VERSION = 3.0;
			};
			name = Release;
		};
/* End XCBuildConfiguration section */

/* Begin XCConfigurationList section */
		2D1F8E801AD7D9B40049A439 /* Build configuration list for PBXProject "GuillotineMenuExample" */ = {
			isa = XCConfigurationList;
			buildConfigurations = (
				2D1F8EA21AD7D9B40049A439 /* Debug */,
				2D1F8EA31AD7D9B40049A439 /* Release */,
			);
			defaultConfigurationIsVisible = 0;
			defaultConfigurationName = Release;
		};
		2D1F8EA41AD7D9B40049A439 /* Build configuration list for PBXNativeTarget "GuillotineMenuExample" */ = {
			isa = XCConfigurationList;
			buildConfigurations = (
				2D1F8EA51AD7D9B40049A439 /* Debug */,
				2D1F8EA61AD7D9B40049A439 /* Release */,
			);
			defaultConfigurationIsVisible = 0;
			defaultConfigurationName = Release;
		};
/* End XCConfigurationList section */
	};
	rootObject = 2D1F8E7D1AD7D9B40049A439 /* Project object */;
}
